
Microsoft Visual Studio Solution File, Format Version 12.00
# Visual Studio 2013
VisualStudioVersion = 12.0.40629.0
MinimumVisualStudioVersion = 10.0.40219.1
Project("{8BC9CEB8-8B4A-11D0-8D11-00A0C91BC942}") = "libservice", "vsproject\libservice\libservice.vcxproj", "{EEC4324E-75BB-4E1A-AE33-5E766F535E2A}"
EndProject
Project("{8BC9CEB8-8B4A-11D0-8D11-00A0C91BC942}") = "libprotocol", "vsproject\libprotocol\libprotocol.vcxproj", "{62B0143F-F96A-4071-B8E6-43DD2DA20A76}"
EndProject
Project("{8BC9CEB8-8B4A-11D0-8D11-00A0C91BC942}") = "gate", "vsproject\gate\gate.vcxproj", "{DBDE6D89-691F-4672-9DC7-93D09FC3CD66}"
	ProjectSection(ProjectDependencies) = postProject
		{62B0143F-F96A-4071-B8E6-43DD2DA20A76} = {62B0143F-F96A-4071-B8E6-43DD2DA20A76}
		{EEC4324E-75BB-4E1A-AE33-5E766F535E2A} = {EEC4324E-75BB-4E1A-AE33-5E766F535E2A}
	EndProjectSection
EndProject
Project("{8BC9CEB8-8B4A-11D0-8D11-00A0C91BC942}") = "connect", "vsproject\connect\connect.vcxproj", "{D65EA53A-2E28-4DFB-B5E6-DF0C369FDF6C}"
	ProjectSection(ProjectDependencies) = postProject
		{62B0143F-F96A-4071-B8E6-43DD2DA20A76} = {62B0143F-F96A-4071-B8E6-43DD2DA20A76}
		{EEC4324E-75BB-4E1A-AE33-5E766F535E2A} = {EEC4324E-75BB-4E1A-AE33-5E766F535E2A}
	EndProjectSection
EndProject
Project("{8BC9CEB8-8B4A-11D0-8D11-00A0C91BC942}") = "hall", "vsproject\hall\hall.vcxproj", "{7B274C1E-6602-42D6-B131-561D9BB1CDBD}"
	ProjectSection(ProjectDependencies) = postProject
		{62B0143F-F96A-4071-B8E6-43DD2DA20A76} = {62B0143F-F96A-4071-B8E6-43DD2DA20A76}
		{EEC4324E-75BB-4E1A-AE33-5E766F535E2A} = {EEC4324E-75BB-4E1A-AE33-5E766F535E2A}
	EndProjectSection
EndProject
Project("{8BC9CEB8-8B4A-11D0-8D11-00A0C91BC942}") = "room", "vsproject\room\room.vcxproj", "{F7D9B1AD-2E04-49F1-9A44-7AC0993154EE}"
	ProjectSection(ProjectDependencies) = postProject
		{62B0143F-F96A-4071-B8E6-43DD2DA20A76} = {62B0143F-F96A-4071-B8E6-43DD2DA20A76}
		{EEC4324E-75BB-4E1A-AE33-5E766F535E2A} = {EEC4324E-75BB-4E1A-AE33-5E766F535E2A}
	EndProjectSection
EndProject
Project("{8BC9CEB8-8B4A-11D0-8D11-00A0C91BC942}") = "room_center", "vsproject\room_center\room_center.vcxproj", "{8649B5C2-E93A-43D4-BC7E-A24294D541CE}"
	ProjectSection(ProjectDependencies) = postProject
		{62B0143F-F96A-4071-B8E6-43DD2DA20A76} = {62B0143F-F96A-4071-B8E6-43DD2DA20A76}
		{EEC4324E-75BB-4E1A-AE33-5E766F535E2A} = {EEC4324E-75BB-4E1A-AE33-5E766F535E2A}
	EndProjectSection
EndProject
Project("{8BC9CEB8-8B4A-11D0-8D11-00A0C91BC942}") = "login", "vsproject\login\login.vcxproj", "{8ED8B50C-D378-4E52-83F9-1A7902311424}"
	ProjectSection(ProjectDependencies) = postProject
		{62B0143F-F96A-4071-B8E6-43DD2DA20A76} = {62B0143F-F96A-4071-B8E6-43DD2DA20A76}
		{EEC4324E-75BB-4E1A-AE33-5E766F535E2A} = {EEC4324E-75BB-4E1A-AE33-5E766F535E2A}
	EndProjectSection
EndProject
Project("{8BC9CEB8-8B4A-11D0-8D11-00A0C91BC942}") = "room_master", "vsproject\room_master\room_master.vcxproj", "{34FF0C1A-078A-43F9-A87D-6327E6891865}"
	ProjectSection(ProjectDependencies) = postProject
		{62B0143F-F96A-4071-B8E6-43DD2DA20A76} = {62B0143F-F96A-4071-B8E6-43DD2DA20A76}
		{EEC4324E-75BB-4E1A-AE33-5E766F535E2A} = {EEC4324E-75BB-4E1A-AE33-5E766F535E2A}
	EndProjectSection
EndProject
Project("{8BC9CEB8-8B4A-11D0-8D11-00A0C91BC942}") = "center", "vsproject\center\center.vcxproj", "{9C1D7420-9D56-497C-BD2B-5AD4EE3EB39D}"
	ProjectSection(ProjectDependencies) = postProject
		{62B0143F-F96A-4071-B8E6-43DD2DA20A76} = {62B0143F-F96A-4071-B8E6-43DD2DA20A76}
		{EEC4324E-75BB-4E1A-AE33-5E766F535E2A} = {EEC4324E-75BB-4E1A-AE33-5E766F535E2A}
	EndProjectSection
EndProject
Project("{8BC9CEB8-8B4A-11D0-8D11-00A0C91BC942}") = "team", "vsproject\team\team.vcxproj", "{B1C24652-0194-4A61-945D-6E301E2A23C0}"
	ProjectSection(ProjectDependencies) = postProject
		{62B0143F-F96A-4071-B8E6-43DD2DA20A76} = {62B0143F-F96A-4071-B8E6-43DD2DA20A76}
		{EEC4324E-75BB-4E1A-AE33-5E766F535E2A} = {EEC4324E-75BB-4E1A-AE33-5E766F535E2A}
	EndProjectSection
EndProject
Project("{8BC9CEB8-8B4A-11D0-8D11-00A0C91BC942}") = "name", "vsproject\name\name.vcxproj", "{5D8743F5-B495-453F-BCC9-805E216F5786}"
	ProjectSection(ProjectDependencies) = postProject
		{62B0143F-F96A-4071-B8E6-43DD2DA20A76} = {62B0143F-F96A-4071-B8E6-43DD2DA20A76}
		{EEC4324E-75BB-4E1A-AE33-5E766F535E2A} = {EEC4324E-75BB-4E1A-AE33-5E766F535E2A}
	EndProjectSection
EndProject
Project("{8BC9CEB8-8B4A-11D0-8D11-00A0C91BC942}") = "social", "vsproject\social\social.vcxproj", "{D8F2BF4B-2051-42AD-90B9-AE3F27D97D77}"
	ProjectSection(ProjectDependencies) = postProject
		{62B0143F-F96A-4071-B8E6-43DD2DA20A76} = {62B0143F-F96A-4071-B8E6-43DD2DA20A76}
		{EEC4324E-75BB-4E1A-AE33-5E766F535E2A} = {EEC4324E-75BB-4E1A-AE33-5E766F535E2A}
	EndProjectSection
EndProject
Project("{8BC9CEB8-8B4A-11D0-8D11-00A0C91BC942}") = "rank", "vsproject\rank\rank.vcxproj", "{D37E18F0-408D-4DAB-9C55-B1776CB204D1}"
	ProjectSection(ProjectDependencies) = postProject
		{62B0143F-F96A-4071-B8E6-43DD2DA20A76} = {62B0143F-F96A-4071-B8E6-43DD2DA20A76}
		{EEC4324E-75BB-4E1A-AE33-5E766F535E2A} = {EEC4324E-75BB-4E1A-AE33-5E766F535E2A}
	EndProjectSection
EndProject
Global
	GlobalSection(SolutionConfigurationPlatforms) = preSolution
		Debug|Win32 = Debug|Win32
		Debug|x64 = Debug|x64
		Release|Win32 = Release|Win32
		Release|x64 = Release|x64
	EndGlobalSection
	GlobalSection(ProjectConfigurationPlatforms) = postSolution
		{EEC4324E-75BB-4E1A-AE33-5E766F535E2A}.Debug|Win32.ActiveCfg = Debug|Win32
		{EEC4324E-75BB-4E1A-AE33-5E766F535E2A}.Debug|Win32.Build.0 = Debug|Win32
		{EEC4324E-75BB-4E1A-AE33-5E766F535E2A}.Debug|x64.ActiveCfg = Debug|x64
		{EEC4324E-75BB-4E1A-AE33-5E766F535E2A}.Debug|x64.Build.0 = Debug|x64
		{EEC4324E-75BB-4E1A-AE33-5E766F535E2A}.Release|Win32.ActiveCfg = Release|Win32
		{EEC4324E-75BB-4E1A-AE33-5E766F535E2A}.Release|Win32.Build.0 = Release|Win32
		{EEC4324E-75BB-4E1A-AE33-5E766F535E2A}.Release|x64.ActiveCfg = Release|x64
		{EEC4324E-75BB-4E1A-AE33-5E766F535E2A}.Release|x64.Build.0 = Release|x64
		{62B0143F-F96A-4071-B8E6-43DD2DA20A76}.Debug|Win32.ActiveCfg = Debug|Win32
		{62B0143F-F96A-4071-B8E6-43DD2DA20A76}.Debug|Win32.Build.0 = Debug|Win32
		{62B0143F-F96A-4071-B8E6-43DD2DA20A76}.Debug|x64.ActiveCfg = Debug|x64
		{62B0143F-F96A-4071-B8E6-43DD2DA20A76}.Debug|x64.Build.0 = Debug|x64
		{62B0143F-F96A-4071-B8E6-43DD2DA20A76}.Release|Win32.ActiveCfg = Release|Win32
		{62B0143F-F96A-4071-B8E6-43DD2DA20A76}.Release|Win32.Build.0 = Release|Win32
		{62B0143F-F96A-4071-B8E6-43DD2DA20A76}.Release|x64.ActiveCfg = Release|x64
		{62B0143F-F96A-4071-B8E6-43DD2DA20A76}.Release|x64.Build.0 = Release|x64
		{DBDE6D89-691F-4672-9DC7-93D09FC3CD66}.Debug|Win32.ActiveCfg = Debug|Win32
		{DBDE6D89-691F-4672-9DC7-93D09FC3CD66}.Debug|Win32.Build.0 = Debug|Win32
		{DBDE6D89-691F-4672-9DC7-93D09FC3CD66}.Debug|x64.ActiveCfg = Debug|Win32
		{DBDE6D89-691F-4672-9DC7-93D09FC3CD66}.Release|Win32.ActiveCfg = Release|Win32
		{DBDE6D89-691F-4672-9DC7-93D09FC3CD66}.Release|Win32.Build.0 = Release|Win32
		{DBDE6D89-691F-4672-9DC7-93D09FC3CD66}.Release|x64.ActiveCfg = Release|Win32
		{D65EA53A-2E28-4DFB-B5E6-DF0C369FDF6C}.Debug|Win32.ActiveCfg = Debug|Win32
		{D65EA53A-2E28-4DFB-B5E6-DF0C369FDF6C}.Debug|Win32.Build.0 = Debug|Win32
		{D65EA53A-2E28-4DFB-B5E6-DF0C369FDF6C}.Debug|x64.ActiveCfg = Debug|Win32
		{D65EA53A-2E28-4DFB-B5E6-DF0C369FDF6C}.Release|Win32.ActiveCfg = Release|Win32
		{D65EA53A-2E28-4DFB-B5E6-DF0C369FDF6C}.Release|Win32.Build.0 = Release|Win32
		{D65EA53A-2E28-4DFB-B5E6-DF0C369FDF6C}.Release|x64.ActiveCfg = Release|Win32
		{7B274C1E-6602-42D6-B131-561D9BB1CDBD}.Debug|Win32.ActiveCfg = Debug|Win32
		{7B274C1E-6602-42D6-B131-561D9BB1CDBD}.Debug|Win32.Build.0 = Debug|Win32
		{7B274C1E-6602-42D6-B131-561D9BB1CDBD}.Debug|x64.ActiveCfg = Debug|Win32
		{7B274C1E-6602-42D6-B131-561D9BB1CDBD}.Release|Win32.ActiveCfg = Release|Win32
		{7B274C1E-6602-42D6-B131-561D9BB1CDBD}.Release|Win32.Build.0 = Release|Win32
		{7B274C1E-6602-42D6-B131-561D9BB1CDBD}.Release|x64.ActiveCfg = Release|Win32
		{F7D9B1AD-2E04-49F1-9A44-7AC0993154EE}.Debug|Win32.ActiveCfg = Debug|Win32
		{F7D9B1AD-2E04-49F1-9A44-7AC0993154EE}.Debug|Win32.Build.0 = Debug|Win32
		{F7D9B1AD-2E04-49F1-9A44-7AC0993154EE}.Debug|x64.ActiveCfg = Debug|Win32
		{F7D9B1AD-2E04-49F1-9A44-7AC0993154EE}.Release|Win32.ActiveCfg = Release|Win32
		{F7D9B1AD-2E04-49F1-9A44-7AC0993154EE}.Release|Win32.Build.0 = Release|Win32
		{F7D9B1AD-2E04-49F1-9A44-7AC0993154EE}.Release|x64.ActiveCfg = Release|Win32
		{8649B5C2-E93A-43D4-BC7E-A24294D541CE}.Debug|Win32.ActiveCfg = Debug|Win32
		{8649B5C2-E93A-43D4-BC7E-A24294D541CE}.Debug|Win32.Build.0 = Debug|Win32
		{8649B5C2-E93A-43D4-BC7E-A24294D541CE}.Debug|x64.ActiveCfg = Debug|Win32
		{8649B5C2-E93A-43D4-BC7E-A24294D541CE}.Release|Win32.ActiveCfg = Release|Win32
		{8649B5C2-E93A-43D4-BC7E-A24294D541CE}.Release|Win32.Build.0 = Release|Win32
		{8649B5C2-E93A-43D4-BC7E-A24294D541CE}.Release|x64.ActiveCfg = Release|Win32
		{8ED8B50C-D378-4E52-83F9-1A7902311424}.Debug|Win32.ActiveCfg = Debug|Win32
		{8ED8B50C-D378-4E52-83F9-1A7902311424}.Debug|Win32.Build.0 = Debug|Win32
		{8ED8B50C-D378-4E52-83F9-1A7902311424}.Debug|x64.ActiveCfg = Debug|Win32
		{8ED8B50C-D378-4E52-83F9-1A7902311424}.Release|Win32.ActiveCfg = Release|Win32
		{8ED8B50C-D378-4E52-83F9-1A7902311424}.Release|Win32.Build.0 = Release|Win32
		{8ED8B50C-D378-4E52-83F9-1A7902311424}.Release|x64.ActiveCfg = Release|Win32
		{34FF0C1A-078A-43F9-A87D-6327E6891865}.Debug|Win32.ActiveCfg = Debug|Win32
		{34FF0C1A-078A-43F9-A87D-6327E6891865}.Debug|Win32.Build.0 = Debug|Win32
		{34FF0C1A-078A-43F9-A87D-6327E6891865}.Debug|x64.ActiveCfg = Debug|Win32
		{34FF0C1A-078A-43F9-A87D-6327E6891865}.Release|Win32.ActiveCfg = Release|Win32
		{34FF0C1A-078A-43F9-A87D-6327E6891865}.Release|Win32.Build.0 = Release|Win32
		{34FF0C1A-078A-43F9-A87D-6327E6891865}.Release|x64.ActiveCfg = Release|Win32
		{9C1D7420-9D56-497C-BD2B-5AD4EE3EB39D}.Debug|Win32.ActiveCfg = Debug|Win32
		{9C1D7420-9D56-497C-BD2B-5AD4EE3EB39D}.Debug|Win32.Build.0 = Debug|Win32
		{9C1D7420-9D56-497C-BD2B-5AD4EE3EB39D}.Debug|x64.ActiveCfg = Debug|Win32
		{9C1D7420-9D56-497C-BD2B-5AD4EE3EB39D}.Release|Win32.ActiveCfg = Release|Win32
		{9C1D7420-9D56-497C-BD2B-5AD4EE3EB39D}.Release|Win32.Build.0 = Release|Win32
		{9C1D7420-9D56-497C-BD2B-5AD4EE3EB39D}.Release|x64.ActiveCfg = Release|Win32
		{B1C24652-0194-4A61-945D-6E301E2A23C0}.Debug|Win32.ActiveCfg = Debug|Win32
		{B1C24652-0194-4A61-945D-6E301E2A23C0}.Debug|Win32.Build.0 = Debug|Win32
		{B1C24652-0194-4A61-945D-6E301E2A23C0}.Debug|x64.ActiveCfg = Debug|Win32
		{B1C24652-0194-4A61-945D-6E301E2A23C0}.Release|Win32.ActiveCfg = Release|Win32
		{B1C24652-0194-4A61-945D-6E301E2A23C0}.Release|Win32.Build.0 = Release|Win32
		{B1C24652-0194-4A61-945D-6E301E2A23C0}.Release|x64.ActiveCfg = Release|Win32
		{5D8743F5-B495-453F-BCC9-805E216F5786}.Debug|Win32.ActiveCfg = Debug|Win32
		{5D8743F5-B495-453F-BCC9-805E216F5786}.Debug|Win32.Build.0 = Debug|Win32
		{5D8743F5-B495-453F-BCC9-805E216F5786}.Debug|x64.ActiveCfg = Debug|Win32
		{5D8743F5-B495-453F-BCC9-805E216F5786}.Release|Win32.ActiveCfg = Release|Win32
		{5D8743F5-B495-453F-BCC9-805E216F5786}.Release|Win32.Build.0 = Release|Win32
		{5D8743F5-B495-453F-BCC9-805E216F5786}.Release|x64.ActiveCfg = Release|Win32
		{D8F2BF4B-2051-42AD-90B9-AE3F27D97D77}.Debug|Win32.ActiveCfg = Debug|Win32
		{D8F2BF4B-2051-42AD-90B9-AE3F27D97D77}.Debug|Win32.Build.0 = Debug|Win32
		{D8F2BF4B-2051-42AD-90B9-AE3F27D97D77}.Debug|x64.ActiveCfg = Debug|Win32
		{D8F2BF4B-2051-42AD-90B9-AE3F27D97D77}.Release|Win32.ActiveCfg = Release|Win32
		{D8F2BF4B-2051-42AD-90B9-AE3F27D97D77}.Release|Win32.Build.0 = Release|Win32
		{D8F2BF4B-2051-42AD-90B9-AE3F27D97D77}.Release|x64.ActiveCfg = Release|Win32
		{D37E18F0-408D-4DAB-9C55-B1776CB204D1}.Debug|Win32.ActiveCfg = Debug|Win32
		{D37E18F0-408D-4DAB-9C55-B1776CB204D1}.Debug|Win32.Build.0 = Debug|Win32
		{D37E18F0-408D-4DAB-9C55-B1776CB204D1}.Debug|x64.ActiveCfg = Debug|Win32
		{D37E18F0-408D-4DAB-9C55-B1776CB204D1}.Release|Win32.ActiveCfg = Release|Win32
		{D37E18F0-408D-4DAB-9C55-B1776CB204D1}.Release|Win32.Build.0 = Release|Win32
		{D37E18F0-408D-4DAB-9C55-B1776CB204D1}.Release|x64.ActiveCfg = Release|Win32
	EndGlobalSection
	GlobalSection(SolutionProperties) = preSolution
		HideSolutionNode = FALSE
	EndGlobalSection
EndGlobal
